<Solution>
  <Project Path="CalculatorService.Client/CalculatorService.Client.csproj" />
  <Project Path="CalculatorServiceok.Server/CalculatorServiceok.Server.csproj" Id="3e3979db-0116-4448-909b-afbe464eabf2" />
  <Project Path="TestProject1/TestProject1.csproj" Id="09a304c1-89be-49cc-b9c8-ef8f8318ef5f" />
</Solution>
