<Solution>
  <Project Path="CalculatorService.Client/CalculatorService.Client.csproj" />
  <Project Path="CalculatorServiceok.Server/CalculatorServiceok.Server.csproj" Id="3e3979db-0116-4448-909b-afbe464eabf2" />
  <Project Path="CalculatorServices.Tests/CalculatorServices.Tests.csproj" Id="d291dd2d-bc63-4c11-b9f4-f958a2a1e9fa" />
</Solution>
